// !$*UTF8*$!
{
	archiveVersion = 1;
	classes = {
	};
	objectVersion = 48;
	objects = {

/* Begin PBXBuildFile section */
		BCFBDD1A1F47117900B1AF48 /* AppDelegate.swift in Sources */ = {isa = PBXBuildFile; fileRef = BCFBDD191F47117900B1AF48 /* AppDelegate.swift */; };
		BCFBDD1C1F47117900B1AF48 /* ViewController.swift in Sources */ = {isa = PBXBuildFile; fileRef = BCFBDD1B1F47117900B1AF48 /* ViewController.swift */; };
		BCFBDD1F1F47117900B1AF48 /* Main.storyboard in Resources */ = {isa = PBXBuildFile; fileRef = BCFBDD1D1F47117900B1AF48 /* Main.storyboard */; };
		BCFBDD211F47117900B1AF48 /* Assets.xcassets in Resources */ = {isa = PBXBuildFile; fileRef = BCFBDD201F47117900B1AF48 /* Assets.xcassets */; };
		BCFBDD241F47117900B1AF48 /* LaunchScreen.storyboard in Resources */ = {isa = PBXBuildFile; fileRef = BCFBDD221F47117900B1AF48 /* LaunchScreen.storyboard */; };
		BCFBDD2C1F4711DB00B1AF48 /* DrawerAPI.swift in Sources */ = {isa = PBXBuildFile; fileRef = BCFBDD2B1F4711DB00B1AF48 /* DrawerAPI.swift */; };
		BCFBDD2E1F47213A00B1AF48 /* DrawerViewController.swift in Sources */ = {isa = PBXBuildFile; fileRef = BCFBDD2D1F47213A00B1AF48 /* DrawerViewController.swift */; };
/* End PBXBuildFile section */

/* Begin PBXFileReference section */
		BCFBDD161F47117900B1AF48 /* drawer.app */ = {isa = PBXFileReference; explicitFileType = wrapper.application; includeInIndex = 0; path = drawer.app; sourceTree = BUILT_PRODUCTS_DIR; };
		BCFBDD191F47117900B1AF48 /* AppDelegate.swift */ = {isa = PBXFileReference; lastKnownFileType = sourcecode.swift; path = AppDelegate.swift; sourceTree = "<group>"; };
		BCFBDD1B1F47117900B1AF48 /* ViewController.swift */ = {isa = PBXFileReference; lastKnownFileType = sourcecode.swift; path = ViewController.swift; sourceTree = "<group>"; };
		BCFBDD1E1F47117900B1AF48 /* Base */ = {isa = PBXFileReference; lastKnownFileType = file.storyboard; name = Base; path = Base.lproj/Main.storyboard; sourceTree = "<group>"; };
		BCFBDD201F47117900B1AF48 /* Assets.xcassets */ = {isa = PBXFileReference; lastKnownFileType = folder.assetcatalog; path = Assets.xcassets; sourceTree = "<group>"; };
		BCFBDD231F47117900B1AF48 /* Base */ = {isa = PBXFileReference; lastKnownFileType = file.storyboard; name = Base; path = Base.lproj/LaunchScreen.storyboard; sourceTree = "<group>"; };
		BCFBDD251F47117900B1AF48 /* Info.plist */ = {isa = PBXFileReference; lastKnownFileType = text.plist.xml; path = Info.plist; sourceTree = "<group>"; };
		BCFBDD2B1F4711DB00B1AF48 /* DrawerAPI.swift */ = {isa = PBXFileReference; lastKnownFileType = sourcecode.swift; path = DrawerAPI.swift; sourceTree = "<group>"; };
		BCFBDD2D1F47213A00B1AF48 /* DrawerViewController.swift */ = {isa = PBXFileReference; lastKnownFileType = sourcecode.swift; path = DrawerViewController.swift; sourceTree = "<group>"; };
/* End PBXFileReference section */

/* Begin PBXFrameworksBuildPhase section */
		BCFBDD131F47117900B1AF48 /* Frameworks */ = {
			isa = PBXFrameworksBuildPhase;
			buildActionMask = 2147483647;
			files = (
			);
			runOnlyForDeploymentPostprocessing = 0;
		};
/* End PBXFrameworksBuildPhase section */

/* Begin PBXGroup section */
		BCFBDD0D1F47117900B1AF48 = {
			isa = PBXGroup;
			children = (
				BCFBDD181F47117900B1AF48 /* drawer */,
				BCFBDD171F47117900B1AF48 /* Products */,
			);
			sourceTree = "<group>";
		};
		BCFBDD171F47117900B1AF48 /* Products */ = {
			isa = PBXGroup;
			children = (
				BCFBDD161F47117900B1AF48 /* drawer.app */,
			);
			name = Products;
			sourceTree = "<group>";
		};
		BCFBDD181F47117900B1AF48 /* drawer */ = {
			isa = PBXGroup;
			children = (
				BCFBDD191F47117900B1AF48 /* AppDelegate.swift */,
				BCFBDD1B1F47117900B1AF48 /* ViewController.swift */,
				BCFBDD1D1F47117900B1AF48 /* Main.storyboard */,
				BCFBDD201F47117900B1AF48 /* Assets.xcassets */,
				BCFBDD221F47117900B1AF48 /* LaunchScreen.storyboard */,
				BCFBDD251F47117900B1AF48 /* Info.plist */,
				BCFBDD2B1F4711DB00B1AF48 /* DrawerAPI.swift */,
				BCFBDD2D1F47213A00B1AF48 /* DrawerViewController.swift */,
			);
			path = drawer;
			sourceTree = "<group>";
		};
/* End PBXGroup section */

/* Begin PBXNativeTarget section */
		BCFBDD151F47117900B1AF48 /* drawer */ = {
			isa = PBXNativeTarget;
			buildConfigurationList = BCFBDD281F47117900B1AF48 /* Build configuration list for PBXNativeTarget "drawer" */;
			buildPhases = (
				BCFBDD121F47117900B1AF48 /* Sources */,
				BCFBDD131F47117900B1AF48 /* Frameworks */,
				BCFBDD141F47117900B1AF48 /* Resources */,
			);
			buildRules = (
			);
			dependencies = (
			);
			name = drawer;
			productName = drawer;
			productReference = BCFBDD161F47117900B1AF48 /* drawer.app */;
			productType = "com.apple.product-type.application";
		};
/* End PBXNativeTarget section */

/* Begin PBXProject section */
		BCFBDD0E1F47117900B1AF48 /* Project object */ = {
			isa = PBXProject;
			attributes = {
				LastSwiftUpdateCheck = 0900;
				LastUpgradeCheck = 0900;
				ORGANIZATIONNAME = "Alen Kirm";
				TargetAttributes = {
					BCFBDD151F47117900B1AF48 = {
						CreatedOnToolsVersion = 9.0;
					};
				};
			};
			buildConfigurationList = BCFBDD111F47117900B1AF48 /* Build configuration list for PBXProject "drawer" */;
			compatibilityVersion = "Xcode 8.0";
			developmentRegion = en;
			hasScannedForEncodings = 0;
			knownRegions = (
				en,
				Base,
			);
			mainGroup = BCFBDD0D1F47117900B1AF48;
			productRefGroup = BCFBDD171F47117900B1AF48 /* Products */;
			projectDirPath = "";
			projectRoot = "";
			targets = (
				BCFBDD151F47117900B1AF48 /* drawer */,
			);
		};
/* End PBXProject section */

/* Begin PBXResourcesBuildPhase section */
		BCFBDD141F47117900B1AF48 /* Resources */ = {
			isa = PBXResourcesBuildPhase;
			buildActionMask = 2147483647;
			files = (
				BCFBDD241F47117900B1AF48 /* LaunchScreen.storyboard in Resources */,
				BCFBDD211F47117900B1AF48 /* Assets.xcassets in Resources */,
				BCFBDD1F1F47117900B1AF48 /* Main.storyboard in Resources */,
			);
			runOnlyForDeploymentPostprocessing = 0;
		};
/* End PBXResourcesBuildPhase section */

/* Begin PBXSourcesBuildPhase section */
		BCFBDD121F47117900B1AF48 /* Sources */ = {
			isa = PBXSourcesBuildPhase;
			buildActionMask = 2147483647;
			files = (
				BCFBDD1C1F47117900B1AF48 /* ViewController.swift in Sources */,
				BCFBDD2E1F47213A00B1AF48 /* DrawerViewController.swift in Sources */,
				BCFBDD2C1F4711DB00B1AF48 /* DrawerAPI.swift in Sources */,
				BCFBDD1A1F47117900B1AF48 /* AppDelegate.swift in Sources */,
			);
			runOnlyForDeploymentPostprocessing = 0;
		};
/* End PBXSourcesBuildPhase section */

/* Begin PBXVariantGroup section */
		BCFBDD1D1F47117900B1AF48 /* Main.storyboard */ = {
			isa = PBXVariantGroup;
			children = (
				BCFBDD1E1F47117900B1AF48 /* Base */,
			);
			name = Main.storyboard;
			sourceTree = "<group>";
		};
		BCFBDD221F47117900B1AF48 /* LaunchScreen.storyboard */ = {
			isa = PBXVariantGroup;
			children = (
				BCFBDD231F47117900B1AF48 /* Base */,
			);
			name = LaunchScreen.storyboard;
			sourceTree = "<group>";
		};
/* End PBXVariantGroup section */

/* Begin XCBuildConfiguration section */
		BCFBDD261F47117900B1AF48 /* Debug */ = {
			isa = XCBuildConfiguration;
			buildSettings = {
				ALWAYS_SEARCH_USER_PATHS = NO;
				CLANG_ANALYZER_NONNULL = YES;
				CLANG_ANALYZER_NUMBER_OBJECT_CONVERSION = YES_AGGRESSIVE;
				CLANG_CXX_LANGUAGE_STANDARD = "gnu++14";
				CLANG_CXX_LIBRARY = "libc++";
				CLANG_ENABLE_MODULES = YES;
				CLANG_ENABLE_OBJC_ARC = YES;
				CLANG_WARN_BLOCK_CAPTURE_AUTORELEASING = YES;
				CLANG_WARN_BOOL_CONVERSION = YES;
				CLANG_WARN_COMMA = YES;
				CLANG_WARN_CONSTANT_CONVERSION = YES;
				CLANG_WARN_DIRECT_OBJC_ISA_USAGE = YES_ERROR;
				CLANG_WARN_DOCUMENTATION_COMMENTS = YES;
				CLANG_WARN_EMPTY_BODY = YES;
				CLANG_WARN_ENUM_CONVERSION = YES;
				CLANG_WARN_INFINITE_RECURSION = YES;
				CLANG_WARN_INT_CONVERSION = YES;
				CLANG_WARN_NON_LITERAL_NULL_CONVERSION = YES;
				CLANG_WARN_OBJC_LITERAL_CONVERSION = YES;
				CLANG_WARN_OBJC_ROOT_CLASS = YES_ERROR;
				CLANG_WARN_RANGE_LOOP_ANALYSIS = YES;
				CLANG_WARN_STRICT_PROTOTYPES = YES;
				CLANG_WARN_SUSPICIOUS_MOVE = YES;
				CLANG_WARN_UNGUARDED_AVAILABILITY = YES_AGGRESSIVE;
				CLANG_WARN_UNREACHABLE_CODE = YES;
				CLANG_WARN__DUPLICATE_METHOD_MATCH = YES;
				CODE_SIGN_IDENTITY = "iPhone Developer";
				COPY_PHASE_STRIP = NO;
				DEBUG_INFORMATION_FORMAT = dwarf;
				ENABLE_STRICT_OBJC_MSGSEND = YES;
				ENABLE_TESTABILITY = YES;
				GCC_C_LANGUAGE_STANDARD = gnu11;
				GCC_DYNAMIC_NO_PIC = NO;
				GCC_NO_COMMON_BLOCKS = YES;
				GCC_OPTIMIZATION_LEVEL = 0;
				GCC_PREPROCESSOR_DEFINITIONS = (
					"DEBUG=1",
					"$(inherited)",
				);
				GCC_WARN_64_TO_32_BIT_CONVERSION = YES;
				GCC_WARN_ABOUT_RETURN_TYPE = YES_ERROR;
				GCC_WARN_UNDECLARED_SELECTOR = YES;
				GCC_WARN_UNINITIALIZED_AUTOS = YES_AGGRESSIVE;
				GCC_WARN_UNUSED_FUNCTION = YES;
				GCC_WARN_UNUSED_VARIABLE = YES;
				IPHONEOS_DEPLOYMENT_TARGET = 11.0;
				MTL_ENABLE_DEBUG_INFO = YES;
				ONLY_ACTIVE_ARCH = YES;
				SDKROOT = iphoneos;
				SWIFT_ACTIVE_COMPILATION_CONDITIONS = DEBUG;
				SWIFT_OPTIMIZATION_LEVEL = "-Onone";
			};
			name = Debug;
		};
		BCFBDD271F47117900B1AF48 /* Release */ = {
			isa = XCBuildConfiguration;
			buildSettings = {
				ALWAYS_SEARCH_USER_PATHS = NO;
				CLANG_ANALYZER_NONNULL = YES;
				CLANG_ANALYZER_NUMBER_OBJECT_CONVERSION = YES_AGGRESSIVE;
				CLANG_CXX_LANGUAGE_STANDARD = "gnu++14";
				CLANG_CXX_LIBRARY = "libc++";
				CLANG_ENABLE_MODULES = YES;
				CLANG_ENABLE_OBJC_ARC = YES;
				CLANG_WARN_BLOCK_CAPTURE_AUTORELEASING = YES;
				CLANG_WARN_BOOL_CONVERSION = YES;
				CLANG_WARN_COMMA = YES;
				CLANG_WARN_CONSTANT_CONVERSION = YES;
				CLANG_WARN_DIRECT_OBJC_ISA_USAGE = YES_ERROR;
				CLANG_WARN_DOCUMENTATION_COMMENTS = YES;
				CLANG_WARN_EMPTY_BODY = YES;
				CLANG_WARN_ENUM_CONVERSION = YES;
				CLANG_WARN_INFINITE_RECURSION = YES;
				CLANG_WARN_INT_CONVERSION = YES;
				CLANG_WARN_NON_LITERAL_NULL_CONVERSION = YES;
				CLANG_WARN_OBJC_LITERAL_CONVERSION = YES;
				CLANG_WARN_OBJC_ROOT_CLASS = YES_ERROR;
				CLANG_WARN_RANGE_LOOP_ANALYSIS = YES;
				CLANG_WARN_STRICT_PROTOTYPES = YES;
				CLANG_WARN_SUSPICIOUS_MOVE = YES;
				CLANG_WARN_UNGUARDED_AVAILABILITY = YES_AGGRESSIVE;
				CLANG_WARN_UNREACHABLE_CODE = YES;
				CLANG_WARN__DUPLICATE_METHOD_MATCH = YES;
				CODE_SIGN_IDENTITY = "iPhone Developer";
				COPY_PHASE_STRIP = NO;
				DEBUG_INFORMATION_FORMAT = "dwarf-with-dsym";
				ENABLE_NS_ASSERTIONS = NO;
				ENABLE_STRICT_OBJC_MSGSEND = YES;
				GCC_C_LANGUAGE_STANDARD = gnu11;
				GCC_NO_COMMON_BLOCKS = YES;
				GCC_WARN_64_TO_32_BIT_CONVERSION = YES;
				GCC_WARN_ABOUT_RETURN_TYPE = YES_ERROR;
				GCC_WARN_UNDECLARED_SELECTOR = YES;
				GCC_WARN_UNINITIALIZED_AUTOS = YES_AGGRESSIVE;
				GCC_WARN_UNUSED_FUNCTION = YES;
				GCC_WARN_UNUSED_VARIABLE = YES;
				IPHONEOS_DEPLOYMENT_TARGET = 11.0;
				MTL_ENABLE_DEBUG_INFO = NO;
				SDKROOT = iphoneos;
				SWIFT_OPTIMIZATION_LEVEL = "-Owholemodule";
				VALIDATE_PRODUCT = YES;
			};
			name = Release;
		};
		BCFBDD291F47117900B1AF48 /* Debug */ = {
			isa = XCBuildConfiguration;
			buildSettings = {
				ASSETCATALOG_COMPILER_APPICON_NAME = AppIcon;
				DEVELOPMENT_TEAM = 45KWM69QJR;
				INFOPLIST_FILE = drawer/Info.plist;
				IPHONEOS_DEPLOYMENT_TARGET = 10.0;
				LD_RUNPATH_SEARCH_PATHS = "$(inherited) @executable_path/Frameworks";
				PRODUCT_BUNDLE_IDENTIFIER = com.alenkirm.drawer;
				PRODUCT_NAME = "$(TARGET_NAME)";
				SWIFT_VERSION = 4.0;
				TARGETED_DEVICE_FAMILY = "1,2";
			};
			name = Debug;
		};
		BCFBDD2A1F47117900B1AF48 /* Release */ = {
			isa = XCBuildConfiguration;
			buildSettings = {
				ASSETCATALOG_COMPILER_APPICON_NAME = AppIcon;
				DEVELOPMENT_TEAM = 45KWM69QJR;
				INFOPLIST_FILE = drawer/Info.plist;
				IPHONEOS_DEPLOYMENT_TARGET = 10.0;
				LD_RUNPATH_SEARCH_PATHS = "$(inherited) @executable_path/Frameworks";
				PRODUCT_BUNDLE_IDENTIFIER = com.alenkirm.drawer;
				PRODUCT_NAME = "$(TARGET_NAME)";
				SWIFT_VERSION = 4.0;
				TARGETED_DEVICE_FAMILY = "1,2";
			};
			name = Release;
		};
/* End XCBuildConfiguration section */

/* Begin XCConfigurationList section */
		BCFBDD111F47117900B1AF48 /* Build configuration list for PBXProject "drawer" */ = {
			isa = XCConfigurationList;
			buildConfigurations = (
				BCFBDD261F47117900B1AF48 /* Debug */,
				BCFBDD271F47117900B1AF48 /* Release */,
			);
			defaultConfigurationIsVisible = 0;
			defaultConfigurationName = Release;
		};
		BCFBDD281F47117900B1AF48 /* Build configuration list for PBXNativeTarget "drawer" */ = {
			isa = XCConfigurationList;
			buildConfigurations = (
				BCFBDD291F47117900B1AF48 /* Debug */,
				BCFBDD2A1F47117900B1AF48 /* Release */,
			);
			defaultConfigurationIsVisible = 0;
			defaultConfigurationName = Release;
		};
/* End XCConfigurationList section */
	};
	rootObject = BCFBDD0E1F47117900B1AF48 /* Project object */;
}
